{
  "name": "@numl-react/core",
  "version": "0.0.15",
  "lockfileVersion": 2,
  "requires": true,
  "packages": {
    "": {
      "name": "@numl-react/core",
      "version": "0.0.15",
      "license": "MIT",
      "dependencies": {
        "@numl-react/core": "^0.0.15"
      }
    },
    "node_modules/@numl-react/core": {
      "version": "0.0.15",
      "resolved": "https://registry.npmjs.org/@numl-react/core/-/core-0.0.15.tgz",
      "integrity": "sha512-uUBsM0ijTYcD8G+FyeGWvPJPr/hpAQWuJ69nn/1Mm9oNFyLwxrRBla+pN4L8ggTUB22Phxp4JGJ1Db+f2ogTzg=="
    }
  },
  "dependencies": {
    "@numl-react/core": {
      "version": "0.0.15",
      "resolved": "https://registry.npmjs.org/@numl-react/core/-/core-0.0.15.tgz",
      "integrity": "sha512-uUBsM0ijTYcD8G+FyeGWvPJPr/hpAQWuJ69nn/1Mm9oNFyLwxrRBla+pN4L8ggTUB22Phxp4JGJ1Db+f2ogTzg=="
    }
  }
}
