{
  "name": "@numl-react/atoms",
  "version": "0.0.14",
  "lockfileVersion": 2,
  "requires": true,
  "packages": {
    "": {
      "name": "@numl-react/atoms",
      "version": "0.0.14",
      "license": "MIT",
      "dependencies": {
        "@numl-react/core": "^0.0.14"
      }
    },
    "node_modules/@numl-react/core": {
      "version": "0.0.14",
      "resolved": "https://registry.npmjs.org/@numl-react/core/-/core-0.0.14.tgz",
      "integrity": "sha512-L/PWXexl4YgEfaP+svo8y3KnWUiD5uu4DUR+4ZEN50uUhEzHAWK8lL4szVQkpqFwdxLe8pQ4NQ7V+igQQkMoCA=="
    }
  },
  "dependencies": {
    "@numl-react/core": {
      "version": "0.0.14",
      "resolved": "https://registry.npmjs.org/@numl-react/core/-/core-0.0.14.tgz",
      "integrity": "sha512-L/PWXexl4YgEfaP+svo8y3KnWUiD5uu4DUR+4ZEN50uUhEzHAWK8lL4szVQkpqFwdxLe8pQ4NQ7V+igQQkMoCA=="
    }
  }
}
