{
  "name": "packages",
  "lockfileVersion": 2,
  "requires": true,
  "packages": {
    "": {
      "dependencies": {
        "@numl-react/core": "^0.0.15"
      }
    },
    "node_modules/@numl-react/core": {
      "version": "0.0.15",
      "license": "MIT",
      "dependencies": {
        "numl": "^1.1.0"
      }
    },
    "node_modules/denque": {
      "version": "1.5.0",
      "license": "Apache-2.0",
      "engines": {
        "node": ">=0.10"
      }
    },
    "node_modules/numl": {
      "version": "1.1.0",
      "license": "MIT",
      "dependencies": {
        "src": "^1.1.2"
      }
    },
    "node_modules/redis": {
      "version": "3.1.1",
      "license": "MIT",
      "dependencies": {
        "denque": "^1.5.0",
        "redis-commands": "^1.7.0",
        "redis-errors": "^1.2.0",
        "redis-parser": "^3.0.0"
      },
      "engines": {
        "node": ">=10"
      },
      "funding": {
        "type": "opencollective",
        "url": "https://opencollective.com/node-redis"
      }
    },
    "node_modules/redis-commands": {
      "version": "1.7.0",
      "license": "MIT"
    },
    "node_modules/redis-errors": {
      "version": "1.2.0",
      "license": "MIT",
      "engines": {
        "node": ">=4"
      }
    },
    "node_modules/redis-parser": {
      "version": "3.0.0",
      "license": "MIT",
      "dependencies": {
        "redis-errors": "^1.0.0"
      },
      "engines": {
        "node": ">=4"
      }
    },
    "node_modules/redis-url": {
      "version": "0.2.0",
      "dependencies": {
        "redis": ">= 0.0.1"
      }
    },
    "node_modules/src": {
      "version": "1.1.2",
      "license": "MIT",
      "dependencies": {
        "redis-url": "~0.2.0",
        "underscore": "~1.6.0",
        "uuid": "~1.4.1"
      }
    },
    "node_modules/underscore": {
      "version": "1.6.0"
    },
    "node_modules/uuid": {
      "version": "1.4.2"
    }
  },
  "dependencies": {
    "@numl-react/core": {
      "version": "0.0.15",
      "requires": {
        "numl": "^1.1.0"
      }
    },
    "denque": {
      "version": "1.5.0"
    },
    "numl": {
      "version": "1.1.0",
      "requires": {
        "src": "^1.1.2"
      }
    },
    "redis": {
      "version": "3.1.1",
      "requires": {
        "denque": "^1.5.0",
        "redis-commands": "^1.7.0",
        "redis-errors": "^1.2.0",
        "redis-parser": "^3.0.0"
      }
    },
    "redis-commands": {
      "version": "1.7.0"
    },
    "redis-errors": {
      "version": "1.2.0"
    },
    "redis-parser": {
      "version": "3.0.0",
      "requires": {
        "redis-errors": "^1.0.0"
      }
    },
    "redis-url": {
      "version": "0.2.0",
      "requires": {
        "redis": ">= 0.0.1"
      }
    },
    "src": {
      "version": "1.1.2",
      "requires": {
        "redis-url": "~0.2.0",
        "underscore": "~1.6.0",
        "uuid": "~1.4.1"
      }
    },
    "underscore": {
      "version": "1.6.0"
    },
    "uuid": {
      "version": "1.4.2"
    }
  }
}
